Microsoft Visual Studio Solution File, Format Version 12.00
# Visual Studio Version 17
VisualStudioVersion = 17.0.31903.59
MinimumVisualStudioVersion = 10.0.40219.1
Project("{FAE04EC0-301F-11D3-BF4B-00C04F79EFBC}") = "Search.By.String.Extensions", "Search.By.String.Extensions\Search.By.String.Extensions.csproj", "{A79A5072-F377-4FDF-9E5F-B006A0A028B1}"
EndProject
Project("{FAE04EC0-301F-11D3-BF4B-00C04F79EFBC}") = "Search.By.String.Extensions.Test", "Search.By.String.Extensions.Test\Search.By.String.Extensions.Test.csproj", "{31CD8B45-461B-428D-921E-70234DA00940}"
EndProject
Global
	GlobalSection(SolutionConfigurationPlatforms) = preSolution
		Debug|Any CPU = Debug|Any CPU
		Release|Any CPU = Release|Any CPU
	EndGlobalSection
	GlobalSection(ProjectConfigurationPlatforms) = postSolution
		{A79A5072-F377-4FDF-9E5F-B006A0A028B1}.Debug|Any CPU.ActiveCfg = Debug|Any CPU
		{A79A5072-F377-4FDF-9E5F-B006A0A028B1}.Debug|Any CPU.Build.0 = Debug|Any CPU
		{A79A5072-F377-4FDF-9E5F-B006A0A028B1}.Release|Any CPU.ActiveCfg = Release|Any CPU
		{A79A5072-F377-4FDF-9E5F-B006A0A028B1}.Release|Any CPU.Build.0 = Release|Any CPU
		{31CD8B45-461B-428D-921E-70234DA00940}.Debug|Any CPU.ActiveCfg = Debug|Any CPU
		{31CD8B45-461B-428D-921E-70234DA00940}.Debug|Any CPU.Build.0 = Debug|Any CPU
		{31CD8B45-461B-428D-921E-70234DA00940}.Release|Any CPU.ActiveCfg = Release|Any CPU
		{31CD8B45-461B-428D-921E-70234DA00940}.Release|Any CPU.Build.0 = Release|Any CPU
	EndGlobalSection
	GlobalSection(SolutionProperties) = preSolution
		HideSolutionNode = FALSE
	EndGlobalSection
	GlobalSection(ExtensibilityGlobals) = postSolution
		SolutionGuid = {961D0947-D808-438A-AA09-1FF190D9580F}
	EndGlobalSection
EndGlobal
